{
  "name": "eslint-config-wezom-relax-react-ts",
  "version": "0.3.2-beta",
  "lockfileVersion": 1,
  "requires": true,
  "dependencies": {
    "confusing-browser-globals": {
      "version": "1.0.9",
      "resolved": "https://registry.npmjs.org/confusing-browser-globals/-/confusing-browser-globals-1.0.9.tgz",
      "integrity": "sha512-KbS1Y0jMtyPgIxjO7ZzMAuUpAKMt1SzCL9fsrKsX6b0zJPTaT0SiSPmewwVZg9UAO83HVIlEhZF84LIjZ0lmAw=="
    },
    "eslint-config-react-app": {
      "version": "5.2.1",
      "resolved": "https://registry.npmjs.org/eslint-config-react-app/-/eslint-config-react-app-5.2.1.tgz",
      "integrity": "sha512-pGIZ8t0mFLcV+6ZirRgYK6RVqUIKRIi9MmgzUEmrIknsn3AdO0I32asO86dJgloHq+9ZPl8UIg8mYrvgP5u2wQ==",
      "requires": {
        "confusing-browser-globals": "^1.0.9"
      }
    },
    "eslint-config-wezom-relax-ts": {
      "version": "0.3.1-beta",
      "resolved": "https://registry.npmjs.org/eslint-config-wezom-relax-ts/-/eslint-config-wezom-relax-ts-0.3.1-beta.tgz",
      "integrity": "sha512-dt+pb6Sw4seI9lVTKtrS0HoTr8m/ffVjwrGg4lDEUM6VcLuDr2fzQVCDVCnnPmHqPCvSj672lIFmBWYe4uz8Vw=="
    }
  }
}
